
Microsoft Visual Studio Solution File, Format Version 12.00
# Visual Studio 15
VisualStudioVersion = 15.0.28010.2050
MinimumVisualStudioVersion = 10.0.40219.1
Project("{FAE04EC0-301F-11D3-BF4B-00C04F79EFBC}") = "GrocifyAppMVC", "GrocifyAppMVC\GrocifyAppMVC.csproj", "{BFA00290-2D0D-4AB7-85BC-F9614EA84915}"
EndProject
Global
	GlobalSection(SolutionConfigurationPlatforms) = preSolution
		Debug|Any CPU = Debug|Any CPU
		Release|Any CPU = Release|Any CPU
	EndGlobalSection
	GlobalSection(ProjectConfigurationPlatforms) = postSolution
		{BFA00290-2D0D-4AB7-85BC-F9614EA84915}.Debug|Any CPU.ActiveCfg = Debug|Any CPU
		{BFA00290-2D0D-4AB7-85BC-F9614EA84915}.Debug|Any CPU.Build.0 = Debug|Any CPU
		{BFA00290-2D0D-4AB7-85BC-F9614EA84915}.Release|Any CPU.ActiveCfg = Release|Any CPU
		{BFA00290-2D0D-4AB7-85BC-F9614EA84915}.Release|Any CPU.Build.0 = Release|Any CPU
	EndGlobalSection
	GlobalSection(SolutionProperties) = preSolution
		HideSolutionNode = FALSE
	EndGlobalSection
	GlobalSection(ExtensibilityGlobals) = postSolution
		SolutionGuid = {21ED1F26-C5D5-4C6C-B23D-2B679B5F66D9}
	EndGlobalSection
	GlobalSection(TeamFoundationVersionControl) = preSolution
		SccNumberOfProjects = 1
		SccEnterpriseProvider = {4CA58AB2-18FA-4F8D-95D4-32DDF27D184C}
		SccTeamFoundationServer = https://dev.azure.com/jasperroeken
		SccProjectUniqueName0 = GrocifyAppMVC\\GrocifyAppMVC.csproj
		SccProjectName0 = GrocifyAppMVC
		SccAuxPath0 = https://dev.azure.com/jasperroeken
		SccLocalPath0 = GrocifyAppMVC
		SccProvider0 = {4CA58AB2-18FA-4F8D-95D4-32DDF27D184C}
	EndGlobalSection
EndGlobal
